<Solution>
  <Folder Name="/src/">
    <Project Path="src/Storava.Agent/Storava.Agent.csproj" />
    <Project Path="src/Storava.AI/Storava.AI.csproj" />
    <Project Path="src/Storava.App/Storava.App.csproj" />
    <Project Path="src/Storava.Application/Storava.Application.csproj" />
    <Project Path="src/Storava.Contracts/Storava.Contracts.csproj" />
    <Project Path="src/Storava.Domain/Storava.Domain.csproj" />
    <Project Path="src/Storava.Infrastructure/Storava.Infrastructure.csproj" />
    <Project Path="src/Storava.Migrations/Storava.Migrations.csproj" />
    <Project Path="src/Storava.Platform/Storava.Platform.csproj" />
    <Project Path="src/Storava.Reporting/Storava.Reporting.csproj" />
    <Project Path="src/Storava.Rules/Storava.Rules.csproj" />
    <Project Path="src/Storava.Web/Storava.Web.csproj" />
  </Folder>
  <Folder Name="/tests/">
    <Project Path="tests/Storava.Agent.Tests/Storava.Agent.Tests.csproj" />
    <Project Path="tests/Storava.AI.Tests/Storava.AI.Tests.csproj" />
    <Project Path="tests/Storava.Application.Tests/Storava.Application.Tests.csproj" />
    <Project Path="tests/Storava.App.Tests/Storava.App.Tests.csproj" />
    <Project Path="tests/Storava.Domain.Tests/Storava.Domain.Tests.csproj" />
    <Project Path="tests/Storava.Infrastructure.Tests/Storava.Infrastructure.Tests.csproj" />
    <Project Path="tests/Storava.Migrations.Tests/Storava.Migrations.Tests.csproj" />
    <Project Path="tests/Storava.Reporting.Tests/Storava.Reporting.Tests.csproj" />
    <Project Path="tests/Storava.Rules.Tests/Storava.Rules.Tests.csproj" />
    <Project Path="tests/Storava.Web.Tests/Storava.Web.Tests.csproj" />
  </Folder>
</Solution>
